// !$*UTF8*$!
{
	archiveVersion = 1;
	classes = {
	};
	objectVersion = 46;
	objects = {

/* Begin PBXBuildFile section */
		55125FBA1662C8330006D538 /* LoginViewController.m in Sources */ = {isa = PBXBuildFile; fileRef = 55125FB91662C8330006D538 /* LoginViewController.m */; };
		5575A0771662D6A0004D1576 /* FacebookSDK.framework in Frameworks */ = {isa = PBXBuildFile; fileRef = 5575A0761662D6A0004D1576 /* FacebookSDK.framework */; };
		5575A07A1662D6E3004D1576 /* FacebookSDKResources.bundle in Resources */ = {isa = PBXBuildFile; fileRef = 5575A0791662D6E3004D1576 /* FacebookSDKResources.bundle */; };
		5575A07C1662D752004D1576 /* Accounts.framework in Frameworks */ = {isa = PBXBuildFile; fileRef = 5575A07B1662D752004D1576 /* Accounts.framework */; settings = {ATTRIBUTES = (Weak, ); }; };
		5575A07E1662D75A004D1576 /* AdSupport.framework in Frameworks */ = {isa = PBXBuildFile; fileRef = 5575A07D1662D75A004D1576 /* AdSupport.framework */; settings = {ATTRIBUTES = (Weak, ); }; };
		5575A0801662D766004D1576 /* Social.framework in Frameworks */ = {isa = PBXBuildFile; fileRef = 5575A07F1662D766004D1576 /* Social.framework */; settings = {ATTRIBUTES = (Weak, ); }; };
		5575A0831662FE89004D1576 /* User.m in Sources */ = {isa = PBXBuildFile; fileRef = 5575A0821662FE89004D1576 /* User.m */; };
		5575A09A16633E0B004D1576 /* ProfileViewController.m in Sources */ = {isa = PBXBuildFile; fileRef = 5575A09916633E0A004D1576 /* ProfileViewController.m */; };
		F515C9AA1671AF05000078D2 /* PageView.m in Sources */ = {isa = PBXBuildFile; fileRef = F515C9A91671AF05000078D2 /* PageView.m */; };
		F515C9AD1671B1CE000078D2 /* BAProgressBarView.m in Sources */ = {isa = PBXBuildFile; fileRef = F515C9AC1671B1CE000078D2 /* BAProgressBarView.m */; };
		F515C9B61671D6AB000078D2 /* BABlock.m in Sources */ = {isa = PBXBuildFile; fileRef = F515C9B51671D6AB000078D2 /* BABlock.m */; };
		F515C9B816743F8C000078D2 /* CoreText.framework in Frameworks */ = {isa = PBXBuildFile; fileRef = F515C9B716743F8C000078D2 /* CoreText.framework */; };
		F515C9BB1675B6F2000078D2 /* StoryResultsGrid.m in Sources */ = {isa = PBXBuildFile; fileRef = F515C9BA1675B6F2000078D2 /* StoryResultsGrid.m */; };
		F52AAFB21653508B007B36C1 /* DiscoverVC.m in Sources */ = {isa = PBXBuildFile; fileRef = F52AAFB11653508B007B36C1 /* DiscoverVC.m */; };
		F52AAFB516535632007B36C1 /* StoryCell.m in Sources */ = {isa = PBXBuildFile; fileRef = F52AAFB416535632007B36C1 /* StoryCell.m */; };
		F530E1B616434F30003A9EDF /* UIKit.framework in Frameworks */ = {isa = PBXBuildFile; fileRef = F530E1B516434F30003A9EDF /* UIKit.framework */; };
		F530E1B816434F30003A9EDF /* Foundation.framework in Frameworks */ = {isa = PBXBuildFile; fileRef = F530E1B716434F30003A9EDF /* Foundation.framework */; };
		F530E1BA16434F30003A9EDF /* CoreGraphics.framework in Frameworks */ = {isa = PBXBuildFile; fileRef = F530E1B916434F30003A9EDF /* CoreGraphics.framework */; };
		F530E1C016434F30003A9EDF /* InfoPlist.strings in Resources */ = {isa = PBXBuildFile; fileRef = F530E1BE16434F30003A9EDF /* InfoPlist.strings */; };
		F530E1C216434F30003A9EDF /* main.m in Sources */ = {isa = PBXBuildFile; fileRef = F530E1C116434F30003A9EDF /* main.m */; };
		F530E1C616434F30003A9EDF /* AppDelegate.m in Sources */ = {isa = PBXBuildFile; fileRef = F530E1C516434F30003A9EDF /* AppDelegate.m */; };
		F530E1C816434F30003A9EDF /* Default.png in Resources */ = {isa = PBXBuildFile; fileRef = F530E1C716434F30003A9EDF /* Default.png */; };
		F530E1CA16434F30003A9EDF /* Default@2x.png in Resources */ = {isa = PBXBuildFile; fileRef = F530E1C916434F30003A9EDF /* Default@2x.png */; };
		F530E1CC16434F30003A9EDF /* Default-568h@2x.png in Resources */ = {isa = PBXBuildFile; fileRef = F530E1CB16434F30003A9EDF /* Default-568h@2x.png */; };
		F530E1CF16434F30003A9EDF /* ViewController.m in Sources */ = {isa = PBXBuildFile; fileRef = F530E1CE16434F30003A9EDF /* ViewController.m */; };
		F530E1D216434F30003A9EDF /* ViewController.xib in Resources */ = {isa = PBXBuildFile; fileRef = F530E1D016434F30003A9EDF /* ViewController.xib */; };
		F530E1F316435AC7003A9EDF /* CFNetwork.framework in Frameworks */ = {isa = PBXBuildFile; fileRef = F530E1F216435AC7003A9EDF /* CFNetwork.framework */; };
		F530E1F516435AD1003A9EDF /* CoreData.framework in Frameworks */ = {isa = PBXBuildFile; fileRef = F530E1F416435AD1003A9EDF /* CoreData.framework */; };
		F530E1F716435AD6003A9EDF /* Security.framework in Frameworks */ = {isa = PBXBuildFile; fileRef = F530E1F616435AD6003A9EDF /* Security.framework */; };
		F530E1F916435ADD003A9EDF /* MobileCoreServices.framework in Frameworks */ = {isa = PBXBuildFile; fileRef = F530E1F816435ADD003A9EDF /* MobileCoreServices.framework */; };
		F530E1FB16435AE6003A9EDF /* SystemConfiguration.framework in Frameworks */ = {isa = PBXBuildFile; fileRef = F530E1FA16435AE6003A9EDF /* SystemConfiguration.framework */; };
		F530E1FD16435AEE003A9EDF /* libxml2.dylib in Frameworks */ = {isa = PBXBuildFile; fileRef = F530E1FC16435AEE003A9EDF /* libxml2.dylib */; };
		F530E1FF16435AF6003A9EDF /* QuartzCore.framework in Frameworks */ = {isa = PBXBuildFile; fileRef = F530E1FE16435AF6003A9EDF /* QuartzCore.framework */; };
		F530E20016435B07003A9EDF /* libRestKit.a in Frameworks */ = {isa = PBXBuildFile; fileRef = F530E1E716435A3C003A9EDF /* libRestKit.a */; };
		F54E0BE7167DC5A6002C1F3B /* libSDWebImage.a in Frameworks */ = {isa = PBXBuildFile; fileRef = F54E0BE4167DC592002C1F3B /* libSDWebImage.a */; };
		F54E0BEB167DC5F5002C1F3B /* ImageIO.framework in Frameworks */ = {isa = PBXBuildFile; fileRef = F54E0BEA167DC5F5002C1F3B /* ImageIO.framework */; };
		F54E0BEE167DC634002C1F3B /* BAStory.m in Sources */ = {isa = PBXBuildFile; fileRef = F54E0BED167DC634002C1F3B /* BAStory.m */; };
		F57526A4165083CC005E2235 /* Page.m in Sources */ = {isa = PBXBuildFile; fileRef = F57526A3165083CC005E2235 /* Page.m */; };
		F579D705166F562500313B07 /* BAPage.m in Sources */ = {isa = PBXBuildFile; fileRef = F579D704166F562500313B07 /* BAPage.m */; };
		F586EFC316538AFB00488742 /* UIView+FrameUtil.m in Sources */ = {isa = PBXBuildFile; fileRef = F586EFC216538AFB00488742 /* UIView+FrameUtil.m */; };
		F586F03C1654A8A000488742 /* MtNoLFRo.TTF in Resources */ = {isa = PBXBuildFile; fileRef = F586F0001654A8A000488742 /* MtNoLFRo.TTF */; };
		F586F03D1654A8A000488742 /* MtNoRo.TTF in Resources */ = {isa = PBXBuildFile; fileRef = F586F0011654A8A000488742 /* MtNoRo.TTF */; };
		F586F03F1654B0B800488742 /* MetaSerifOT-Book.otf in Resources */ = {isa = PBXBuildFile; fileRef = F586F03E1654B0B800488742 /* MetaSerifOT-Book.otf */; };
		F586F0421655D7B600488742 /* UIView+LayoutUtil.m in Sources */ = {isa = PBXBuildFile; fileRef = F586F0411655D7B600488742 /* UIView+LayoutUtil.m */; };
		F586F0441655DA9400488742 /* MetaBold.TTF in Resources */ = {isa = PBXBuildFile; fileRef = F586F0431655DA9400488742 /* MetaBold.TTF */; };
		F586F0471655E14400488742 /* UILabel+AutoSize.m in Sources */ = {isa = PBXBuildFile; fileRef = F586F0461655E14400488742 /* UILabel+AutoSize.m */; };
		F586F04A1659C08900488742 /* CaptureView.m in Sources */ = {isa = PBXBuildFile; fileRef = F586F0491659C08900488742 /* CaptureView.m */; settings = {COMPILER_FLAGS = "-fno-objc-arc"; }; };
		F586F04D1659D9E200488742 /* back@2x.png in Resources */ = {isa = PBXBuildFile; fileRef = F586F04C1659D9E200488742 /* back@2x.png */; };
		F586F0501659DB7D00488742 /* UIButton+AutoSize.m in Sources */ = {isa = PBXBuildFile; fileRef = F586F04F1659DB7D00488742 /* UIButton+AutoSize.m */; };
		F586F0541659FCC600488742 /* close-button@2x.png in Resources */ = {isa = PBXBuildFile; fileRef = F586F0531659FCC600488742 /* close-button@2x.png */; };
		F586F05A165A048F00488742 /* Bookmark.m in Sources */ = {isa = PBXBuildFile; fileRef = F586F059165A048F00488742 /* Bookmark.m */; };
		F58FE1D31661EE4C001B98A3 /* History.m in Sources */ = {isa = PBXBuildFile; fileRef = F58FE1D21661EE4C001B98A3 /* History.m */; };
		F5908BB1166368FC0043E3CF /* SpringboardLayout.m in Sources */ = {isa = PBXBuildFile; fileRef = F5908BB0166368FC0043E3CF /* SpringboardLayout.m */; };
		F5908BB416648D0F0043E3CF /* SBLayout.m in Sources */ = {isa = PBXBuildFile; fileRef = F5908BB316648D0E0043E3CF /* SBLayout.m */; };
		F590B0AB166C1E8600271DBC /* PageCell.m in Sources */ = {isa = PBXBuildFile; fileRef = F590B0AA166C1E8600271DBC /* PageCell.m */; };
		F598FE1516BB91E600440D5B /* BABookmark.m in Sources */ = {isa = PBXBuildFile; fileRef = F598FE1416BB91E600440D5B /* BABookmark.m */; };
		F59EED8F1643660A001C42F2 /* API.m in Sources */ = {isa = PBXBuildFile; fileRef = F59EED8E1643660A001C42F2 /* API.m */; };
		F59EED9716438A8D001C42F2 /* Environments.plist in Resources */ = {isa = PBXBuildFile; fileRef = F59EED9616438A8D001C42F2 /* Environments.plist */; };
		F59EED9A16438BED001C42F2 /* Environment.m in Sources */ = {isa = PBXBuildFile; fileRef = F59EED9916438BED001C42F2 /* Environment.m */; };
		F59EED9D16438E1E001C42F2 /* BookApp-Entities.xcdatamodeld in Sources */ = {isa = PBXBuildFile; fileRef = F59EED9B16438E1E001C42F2 /* BookApp-Entities.xcdatamodeld */; };
		F59EEDA71643AF8A001C42F2 /* BAUser.m in Sources */ = {isa = PBXBuildFile; fileRef = F59EEDA61643AF8A001C42F2 /* BAUser.m */; };
		F59EEDAA1643B039001C42F2 /* Story.m in Sources */ = {isa = PBXBuildFile; fileRef = F59EEDA91643B039001C42F2 /* Story.m */; };
		F5E56593164EEA630044B956 /* NSString+FitInLabel.m in Sources */ = {isa = PBXBuildFile; fileRef = F5E56592164EEA630044B956 /* NSString+FitInLabel.m */; };
		F5FC6DEC1645F7110087137F /* Block.m in Sources */ = {isa = PBXBuildFile; fileRef = F5FC6DEB1645F7110087137F /* Block.m */; };
		F5FC6DF8164640C00087137F /* ISColumnsController.m in Sources */ = {isa = PBXBuildFile; fileRef = F5FC6DF7164640C00087137F /* ISColumnsController.m */; };
		F5FC6EE31648E6DD0087137F /* SlideViewCell.m in Sources */ = {isa = PBXBuildFile; fileRef = F5FC6EE21648E6DD0087137F /* SlideViewCell.m */; };
		F5FC6EE61648FC550087137F /* SlideScrollView.m in Sources */ = {isa = PBXBuildFile; fileRef = F5FC6EE51648FC550087137F /* SlideScrollView.m */; };
/* End PBXBuildFile section */

/* Begin PBXContainerItemProxy section */
		F530E1E616435A3C003A9EDF /* PBXContainerItemProxy */ = {
			isa = PBXContainerItemProxy;
			containerPortal = F530E1DB16435A3C003A9EDF /* RestKit.xcodeproj */;
			proxyType = 2;
			remoteGlobalIDString = 25160D1614564E810060A5C5;
			remoteInfo = RestKit;
		};
		F530E1E816435A3C003A9EDF /* PBXContainerItemProxy */ = {
			isa = PBXContainerItemProxy;
			containerPortal = F530E1DB16435A3C003A9EDF /* RestKit.xcodeproj */;
			proxyType = 2;
			remoteGlobalIDString = 25160D2614564E820060A5C5;
			remoteInfo = RestKitTests;
		};
		F530E1EA16435A3C003A9EDF /* PBXContainerItemProxy */ = {
			isa = PBXContainerItemProxy;
			containerPortal = F530E1DB16435A3C003A9EDF /* RestKit.xcodeproj */;
			proxyType = 2;
			remoteGlobalIDString = 25160E62145651060060A5C5;
			remoteInfo = RestKitFramework;
		};
		F530E1EC16435A3C003A9EDF /* PBXContainerItemProxy */ = {
			isa = PBXContainerItemProxy;
			containerPortal = F530E1DB16435A3C003A9EDF /* RestKit.xcodeproj */;
			proxyType = 2;
			remoteGlobalIDString = 25160E78145651060060A5C5;
			remoteInfo = RestKitFrameworkTests;
		};
		F530E1EE16435A3C003A9EDF /* PBXContainerItemProxy */ = {
			isa = PBXContainerItemProxy;
			containerPortal = F530E1DB16435A3C003A9EDF /* RestKit.xcodeproj */;
			proxyType = 2;
			remoteGlobalIDString = 259C301615128079003066A2;
			remoteInfo = RestKitResources;
		};
		F530E1F016435ABB003A9EDF /* PBXContainerItemProxy */ = {
			isa = PBXContainerItemProxy;
			containerPortal = F530E1DB16435A3C003A9EDF /* RestKit.xcodeproj */;
			proxyType = 1;
			remoteGlobalIDString = 25160D1514564E810060A5C5;
			remoteInfo = RestKit;
		};
		F54E0BE3167DC592002C1F3B /* PBXContainerItemProxy */ = {
			isa = PBXContainerItemProxy;
			containerPortal = F54E0BDA167DC592002C1F3B /* SDWebImage.xcodeproj */;
			proxyType = 2;
			remoteGlobalIDString = 53761325155AD0D5005750A4;
			remoteInfo = SDWebImage;
		};
		F54E0BE5167DC592002C1F3B /* PBXContainerItemProxy */ = {
			isa = PBXContainerItemProxy;
			containerPortal = F54E0BDA167DC592002C1F3B /* SDWebImage.xcodeproj */;
			proxyType = 2;
			remoteGlobalIDString = 531041E0157EAFA400BBABC3;
			remoteInfo = "SDWebImage+MKAnnotation";
		};
		F54E0BE8167DC5B5002C1F3B /* PBXContainerItemProxy */ = {
			isa = PBXContainerItemProxy;
			containerPortal = F54E0BDA167DC592002C1F3B /* SDWebImage.xcodeproj */;
			proxyType = 1;
			remoteGlobalIDString = 53761307155AD0D5005750A4;
			remoteInfo = SDWebImage;
		};
/* End PBXContainerItemProxy section */

/* Begin PBXFileReference section */
		55125FB81662C8330006D538 /* LoginViewController.h */ = {isa = PBXFileReference; fileEncoding = 4; lastKnownFileType = sourcecode.c.h; path = LoginViewController.h; sourceTree = "<group>"; };
		55125FB91662C8330006D538 /* LoginViewController.m */ = {isa = PBXFileReference; fileEncoding = 4; lastKnownFileType = sourcecode.c.objc; path = LoginViewController.m; sourceTree = "<group>"; };
		5575A0761662D6A0004D1576 /* FacebookSDK.framework */ = {isa = PBXFileReference; lastKnownFileType = wrapper.framework; name = FacebookSDK.framework; path = ../Frameworks/FacebookSDK.framework; sourceTree = "<group>"; };
		5575A0791662D6E3004D1576 /* FacebookSDKResources.bundle */ = {isa = PBXFileReference; lastKnownFileType = "wrapper.plug-in"; name = FacebookSDKResources.bundle; path = ../Frameworks/FacebookSDK.framework/Versions/A/Resources/FacebookSDKResources.bundle; sourceTree = "<group>"; };
		5575A07B1662D752004D1576 /* Accounts.framework */ = {isa = PBXFileReference; lastKnownFileType = wrapper.framework; name = Accounts.framework; path = System/Library/Frameworks/Accounts.framework; sourceTree = SDKROOT; };
		5575A07D1662D75A004D1576 /* AdSupport.framework */ = {isa = PBXFileReference; lastKnownFileType = wrapper.framework; name = AdSupport.framework; path = System/Library/Frameworks/AdSupport.framework; sourceTree = SDKROOT; };
		5575A07F1662D766004D1576 /* Social.framework */ = {isa = PBXFileReference; lastKnownFileType = wrapper.framework; name = Social.framework; path = System/Library/Frameworks/Social.framework; sourceTree = SDKROOT; };
		5575A0811662FE89004D1576 /* User.h */ = {isa = PBXFileReference; fileEncoding = 4; lastKnownFileType = sourcecode.c.h; path = User.h; sourceTree = "<group>"; };
		5575A0821662FE89004D1576 /* User.m */ = {isa = PBXFileReference; fileEncoding = 4; lastKnownFileType = sourcecode.c.objc; path = User.m; sourceTree = "<group>"; };
		5575A09816633E0A004D1576 /* ProfileViewController.h */ = {isa = PBXFileReference; fileEncoding = 4; lastKnownFileType = sourcecode.c.h; path = ProfileViewController.h; sourceTree = "<group>"; };
		5575A09916633E0A004D1576 /* ProfileViewController.m */ = {isa = PBXFileReference; fileEncoding = 4; lastKnownFileType = sourcecode.c.objc; path = ProfileViewController.m; sourceTree = "<group>"; };
		F515C9A81671AF05000078D2 /* PageView.h */ = {isa = PBXFileReference; fileEncoding = 4; lastKnownFileType = sourcecode.c.h; path = PageView.h; sourceTree = "<group>"; };
		F515C9A91671AF05000078D2 /* PageView.m */ = {isa = PBXFileReference; fileEncoding = 4; lastKnownFileType = sourcecode.c.objc; path = PageView.m; sourceTree = "<group>"; };
		F515C9AB1671B1CE000078D2 /* BAProgressBarView.h */ = {isa = PBXFileReference; fileEncoding = 4; lastKnownFileType = sourcecode.c.h; path = BAProgressBarView.h; sourceTree = "<group>"; };
		F515C9AC1671B1CE000078D2 /* BAProgressBarView.m */ = {isa = PBXFileReference; fileEncoding = 4; lastKnownFileType = sourcecode.c.objc; path = BAProgressBarView.m; sourceTree = "<group>"; };
		F515C9B41671D6AB000078D2 /* BABlock.h */ = {isa = PBXFileReference; fileEncoding = 4; lastKnownFileType = sourcecode.c.h; path = BABlock.h; sourceTree = "<group>"; };
		F515C9B51671D6AB000078D2 /* BABlock.m */ = {isa = PBXFileReference; fileEncoding = 4; lastKnownFileType = sourcecode.c.objc; path = BABlock.m; sourceTree = "<group>"; };
		F515C9B716743F8C000078D2 /* CoreText.framework */ = {isa = PBXFileReference; lastKnownFileType = wrapper.framework; name = CoreText.framework; path = System/Library/Frameworks/CoreText.framework; sourceTree = SDKROOT; };
		F515C9B91675B6F2000078D2 /* StoryResultsGrid.h */ = {isa = PBXFileReference; fileEncoding = 4; lastKnownFileType = sourcecode.c.h; path = StoryResultsGrid.h; sourceTree = "<group>"; };
		F515C9BA1675B6F2000078D2 /* StoryResultsGrid.m */ = {isa = PBXFileReference; fileEncoding = 4; lastKnownFileType = sourcecode.c.objc; path = StoryResultsGrid.m; sourceTree = "<group>"; };
		F52AAFB01653508B007B36C1 /* DiscoverVC.h */ = {isa = PBXFileReference; fileEncoding = 4; lastKnownFileType = sourcecode.c.h; path = DiscoverVC.h; sourceTree = "<group>"; };
		F52AAFB11653508B007B36C1 /* DiscoverVC.m */ = {isa = PBXFileReference; fileEncoding = 4; lastKnownFileType = sourcecode.c.objc; path = DiscoverVC.m; sourceTree = "<group>"; };
		F52AAFB316535632007B36C1 /* StoryCell.h */ = {isa = PBXFileReference; fileEncoding = 4; lastKnownFileType = sourcecode.c.h; path = StoryCell.h; sourceTree = "<group>"; };
		F52AAFB416535632007B36C1 /* StoryCell.m */ = {isa = PBXFileReference; fileEncoding = 4; lastKnownFileType = sourcecode.c.objc; path = StoryCell.m; sourceTree = "<group>"; };
		F530E1B116434F30003A9EDF /* BookApp.app */ = {isa = PBXFileReference; explicitFileType = wrapper.application; includeInIndex = 0; path = BookApp.app; sourceTree = BUILT_PRODUCTS_DIR; };
		F530E1B516434F30003A9EDF /* UIKit.framework */ = {isa = PBXFileReference; lastKnownFileType = wrapper.framework; name = UIKit.framework; path = System/Library/Frameworks/UIKit.framework; sourceTree = SDKROOT; };
		F530E1B716434F30003A9EDF /* Foundation.framework */ = {isa = PBXFileReference; lastKnownFileType = wrapper.framework; name = Foundation.framework; path = System/Library/Frameworks/Foundation.framework; sourceTree = SDKROOT; };
		F530E1B916434F30003A9EDF /* CoreGraphics.framework */ = {isa = PBXFileReference; lastKnownFileType = wrapper.framework; name = CoreGraphics.framework; path = System/Library/Frameworks/CoreGraphics.framework; sourceTree = SDKROOT; };
		F530E1BD16434F30003A9EDF /* BookApp-Info.plist */ = {isa = PBXFileReference; lastKnownFileType = text.plist.xml; path = "BookApp-Info.plist"; sourceTree = "<group>"; };
		F530E1BF16434F30003A9EDF /* en */ = {isa = PBXFileReference; lastKnownFileType = text.plist.strings; name = en; path = en.lproj/InfoPlist.strings; sourceTree = "<group>"; };
		F530E1C116434F30003A9EDF /* main.m */ = {isa = PBXFileReference; lastKnownFileType = sourcecode.c.objc; path = main.m; sourceTree = "<group>"; };
		F530E1C316434F30003A9EDF /* BookApp-Prefix.pch */ = {isa = PBXFileReference; lastKnownFileType = sourcecode.c.h; path = "BookApp-Prefix.pch"; sourceTree = "<group>"; };
		F530E1C416434F30003A9EDF /* AppDelegate.h */ = {isa = PBXFileReference; lastKnownFileType = sourcecode.c.h; path = AppDelegate.h; sourceTree = "<group>"; };
		F530E1C516434F30003A9EDF /* AppDelegate.m */ = {isa = PBXFileReference; lastKnownFileType = sourcecode.c.objc; path = AppDelegate.m; sourceTree = "<group>"; };
		F530E1C716434F30003A9EDF /* Default.png */ = {isa = PBXFileReference; lastKnownFileType = image.png; path = Default.png; sourceTree = "<group>"; };
		F530E1C916434F30003A9EDF /* Default@2x.png */ = {isa = PBXFileReference; lastKnownFileType = image.png; path = "Default@2x.png"; sourceTree = "<group>"; };
		F530E1CB16434F30003A9EDF /* Default-568h@2x.png */ = {isa = PBXFileReference; lastKnownFileType = image.png; path = "Default-568h@2x.png"; sourceTree = "<group>"; };
		F530E1CD16434F30003A9EDF /* ViewController.h */ = {isa = PBXFileReference; lastKnownFileType = sourcecode.c.h; path = ViewController.h; sourceTree = "<group>"; };
		F530E1CE16434F30003A9EDF /* ViewController.m */ = {isa = PBXFileReference; lastKnownFileType = sourcecode.c.objc; path = ViewController.m; sourceTree = "<group>"; };
		F530E1D116434F30003A9EDF /* en */ = {isa = PBXFileReference; lastKnownFileType = file.xib; name = en; path = en.lproj/ViewController.xib; sourceTree = "<group>"; };
		F530E1DB16435A3C003A9EDF /* RestKit.xcodeproj */ = {isa = PBXFileReference; lastKnownFileType = "wrapper.pb-project"; name = RestKit.xcodeproj; path = ../Frameworks/RestKit/RestKit.xcodeproj; sourceTree = "<group>"; };
		F530E1F216435AC7003A9EDF /* CFNetwork.framework */ = {isa = PBXFileReference; lastKnownFileType = wrapper.framework; name = CFNetwork.framework; path = System/Library/Frameworks/CFNetwork.framework; sourceTree = SDKROOT; };
		F530E1F416435AD1003A9EDF /* CoreData.framework */ = {isa = PBXFileReference; lastKnownFileType = wrapper.framework; name = CoreData.framework; path = System/Library/Frameworks/CoreData.framework; sourceTree = SDKROOT; };
		F530E1F616435AD6003A9EDF /* Security.framework */ = {isa = PBXFileReference; lastKnownFileType = wrapper.framework; name = Security.framework; path = System/Library/Frameworks/Security.framework; sourceTree = SDKROOT; };
		F530E1F816435ADD003A9EDF /* MobileCoreServices.framework */ = {isa = PBXFileReference; lastKnownFileType = wrapper.framework; name = MobileCoreServices.framework; path = System/Library/Frameworks/MobileCoreServices.framework; sourceTree = SDKROOT; };
		F530E1FA16435AE6003A9EDF /* SystemConfiguration.framework */ = {isa = PBXFileReference; lastKnownFileType = wrapper.framework; name = SystemConfiguration.framework; path = System/Library/Frameworks/SystemConfiguration.framework; sourceTree = SDKROOT; };
		F530E1FC16435AEE003A9EDF /* libxml2.dylib */ = {isa = PBXFileReference; lastKnownFileType = "compiled.mach-o.dylib"; name = libxml2.dylib; path = usr/lib/libxml2.dylib; sourceTree = SDKROOT; };
		F530E1FE16435AF6003A9EDF /* QuartzCore.framework */ = {isa = PBXFileReference; lastKnownFileType = wrapper.framework; name = QuartzCore.framework; path = System/Library/Frameworks/QuartzCore.framework; sourceTree = SDKROOT; };
		F54E0BDA167DC592002C1F3B /* SDWebImage.xcodeproj */ = {isa = PBXFileReference; lastKnownFileType = "wrapper.pb-project"; name = SDWebImage.xcodeproj; path = ../Frameworks/SDWebImage/SDWebImage.xcodeproj; sourceTree = "<group>"; };
		F54E0BEA167DC5F5002C1F3B /* ImageIO.framework */ = {isa = PBXFileReference; lastKnownFileType = wrapper.framework; name = ImageIO.framework; path = System/Library/Frameworks/ImageIO.framework; sourceTree = SDKROOT; };
		F54E0BEC167DC634002C1F3B /* BAStory.h */ = {isa = PBXFileReference; fileEncoding = 4; lastKnownFileType = sourcecode.c.h; path = BAStory.h; sourceTree = "<group>"; };
		F54E0BED167DC634002C1F3B /* BAStory.m */ = {isa = PBXFileReference; fileEncoding = 4; lastKnownFileType = sourcecode.c.objc; path = BAStory.m; sourceTree = "<group>"; };
		F57526A2165083CC005E2235 /* Page.h */ = {isa = PBXFileReference; fileEncoding = 4; lastKnownFileType = sourcecode.c.h; path = Page.h; sourceTree = "<group>"; };
		F57526A3165083CC005E2235 /* Page.m */ = {isa = PBXFileReference; fileEncoding = 4; lastKnownFileType = sourcecode.c.objc; path = Page.m; sourceTree = "<group>"; };
		F579D703166F562500313B07 /* BAPage.h */ = {isa = PBXFileReference; fileEncoding = 4; lastKnownFileType = sourcecode.c.h; path = BAPage.h; sourceTree = "<group>"; };
		F579D704166F562500313B07 /* BAPage.m */ = {isa = PBXFileReference; fileEncoding = 4; lastKnownFileType = sourcecode.c.objc; path = BAPage.m; sourceTree = "<group>"; };
		F586EFC116538AFB00488742 /* UIView+FrameUtil.h */ = {isa = PBXFileReference; fileEncoding = 4; lastKnownFileType = sourcecode.c.h; path = "UIView+FrameUtil.h"; sourceTree = "<group>"; };
		F586EFC216538AFB00488742 /* UIView+FrameUtil.m */ = {isa = PBXFileReference; fileEncoding = 4; lastKnownFileType = sourcecode.c.objc; path = "UIView+FrameUtil.m"; sourceTree = "<group>"; };
		F586F0001654A8A000488742 /* MtNoLFRo.TTF */ = {isa = PBXFileReference; lastKnownFileType = file; path = MtNoLFRo.TTF; sourceTree = "<group>"; };
		F586F0011654A8A000488742 /* MtNoRo.TTF */ = {isa = PBXFileReference; lastKnownFileType = file; path = MtNoRo.TTF; sourceTree = "<group>"; };
		F586F03E1654B0B800488742 /* MetaSerifOT-Book.otf */ = {isa = PBXFileReference; lastKnownFileType = file; path = "MetaSerifOT-Book.otf"; sourceTree = "<group>"; };
		F586F0401655D7B600488742 /* UIView+LayoutUtil.h */ = {isa = PBXFileReference; fileEncoding = 4; lastKnownFileType = sourcecode.c.h; path = "UIView+LayoutUtil.h"; sourceTree = "<group>"; };
		F586F0411655D7B600488742 /* UIView+LayoutUtil.m */ = {isa = PBXFileReference; fileEncoding = 4; lastKnownFileType = sourcecode.c.objc; path = "UIView+LayoutUtil.m"; sourceTree = "<group>"; };
		F586F0431655DA9400488742 /* MetaBold.TTF */ = {isa = PBXFileReference; lastKnownFileType = file; path = MetaBold.TTF; sourceTree = "<group>"; };
		F586F0451655E14400488742 /* UILabel+AutoSize.h */ = {isa = PBXFileReference; fileEncoding = 4; lastKnownFileType = sourcecode.c.h; path = "UILabel+AutoSize.h"; sourceTree = "<group>"; };
		F586F0461655E14400488742 /* UILabel+AutoSize.m */ = {isa = PBXFileReference; fileEncoding = 4; lastKnownFileType = sourcecode.c.objc; path = "UILabel+AutoSize.m"; sourceTree = "<group>"; };
		F586F0481659C08900488742 /* CaptureView.h */ = {isa = PBXFileReference; fileEncoding = 4; lastKnownFileType = sourcecode.c.h; name = CaptureView.h; path = Utilities/CaptureView.h; sourceTree = "<group>"; };
		F586F0491659C08900488742 /* CaptureView.m */ = {isa = PBXFileReference; fileEncoding = 4; lastKnownFileType = sourcecode.c.objc; name = CaptureView.m; path = Utilities/CaptureView.m; sourceTree = "<group>"; };
		F586F04C1659D9E200488742 /* back@2x.png */ = {isa = PBXFileReference; lastKnownFileType = image.png; path = "back@2x.png"; sourceTree = "<group>"; };
		F586F04E1659DB7D00488742 /* UIButton+AutoSize.h */ = {isa = PBXFileReference; fileEncoding = 4; lastKnownFileType = sourcecode.c.h; path = "UIButton+AutoSize.h"; sourceTree = "<group>"; };
		F586F04F1659DB7D00488742 /* UIButton+AutoSize.m */ = {isa = PBXFileReference; fileEncoding = 4; lastKnownFileType = sourcecode.c.objc; path = "UIButton+AutoSize.m"; sourceTree = "<group>"; };
		F586F0531659FCC600488742 /* close-button@2x.png */ = {isa = PBXFileReference; lastKnownFileType = image.png; path = "close-button@2x.png"; sourceTree = "<group>"; };
		F586F058165A048F00488742 /* Bookmark.h */ = {isa = PBXFileReference; fileEncoding = 4; lastKnownFileType = sourcecode.c.h; path = Bookmark.h; sourceTree = "<group>"; };
		F586F059165A048F00488742 /* Bookmark.m */ = {isa = PBXFileReference; fileEncoding = 4; lastKnownFileType = sourcecode.c.objc; path = Bookmark.m; sourceTree = "<group>"; };
		F58FE1D11661EE4C001B98A3 /* History.h */ = {isa = PBXFileReference; fileEncoding = 4; lastKnownFileType = sourcecode.c.h; path = History.h; sourceTree = "<group>"; };
		F58FE1D21661EE4C001B98A3 /* History.m */ = {isa = PBXFileReference; fileEncoding = 4; lastKnownFileType = sourcecode.c.objc; path = History.m; sourceTree = "<group>"; };
		F5908BAF166368FC0043E3CF /* SpringboardLayout.h */ = {isa = PBXFileReference; fileEncoding = 4; lastKnownFileType = sourcecode.c.h; path = SpringboardLayout.h; sourceTree = "<group>"; };
		F5908BB0166368FC0043E3CF /* SpringboardLayout.m */ = {isa = PBXFileReference; fileEncoding = 4; lastKnownFileType = sourcecode.c.objc; path = SpringboardLayout.m; sourceTree = "<group>"; };
		F5908BB216648D0E0043E3CF /* SBLayout.h */ = {isa = PBXFileReference; fileEncoding = 4; lastKnownFileType = sourcecode.c.h; path = SBLayout.h; sourceTree = "<group>"; };
		F5908BB316648D0E0043E3CF /* SBLayout.m */ = {isa = PBXFileReference; fileEncoding = 4; lastKnownFileType = sourcecode.c.objc; path = SBLayout.m; sourceTree = "<group>"; };
		F590B0A9166C1E8600271DBC /* PageCell.h */ = {isa = PBXFileReference; fileEncoding = 4; lastKnownFileType = sourcecode.c.h; path = PageCell.h; sourceTree = "<group>"; };
		F590B0AA166C1E8600271DBC /* PageCell.m */ = {isa = PBXFileReference; fileEncoding = 4; lastKnownFileType = sourcecode.c.objc; path = PageCell.m; sourceTree = "<group>"; };
		F598FE1316BB91E600440D5B /* BABookmark.h */ = {isa = PBXFileReference; fileEncoding = 4; lastKnownFileType = sourcecode.c.h; path = BABookmark.h; sourceTree = "<group>"; };
		F598FE1416BB91E600440D5B /* BABookmark.m */ = {isa = PBXFileReference; fileEncoding = 4; lastKnownFileType = sourcecode.c.objc; path = BABookmark.m; sourceTree = "<group>"; };
		F59EED8D1643660A001C42F2 /* API.h */ = {isa = PBXFileReference; fileEncoding = 4; lastKnownFileType = sourcecode.c.h; path = API.h; sourceTree = "<group>"; };
		F59EED8E1643660A001C42F2 /* API.m */ = {isa = PBXFileReference; fileEncoding = 4; lastKnownFileType = sourcecode.c.objc; path = API.m; sourceTree = "<group>"; };
		F59EED9616438A8D001C42F2 /* Environments.plist */ = {isa = PBXFileReference; fileEncoding = 4; lastKnownFileType = text.plist.xml; path = Environments.plist; sourceTree = "<group>"; };
		F59EED9816438BED001C42F2 /* Environment.h */ = {isa = PBXFileReference; fileEncoding = 4; lastKnownFileType = sourcecode.c.h; path = Environment.h; sourceTree = "<group>"; };
		F59EED9916438BED001C42F2 /* Environment.m */ = {isa = PBXFileReference; fileEncoding = 4; lastKnownFileType = sourcecode.c.objc; path = Environment.m; sourceTree = "<group>"; };
		F59EED9C16438E1E001C42F2 /* BookApp-Entities.xcdatamodel */ = {isa = PBXFileReference; lastKnownFileType = wrapper.xcdatamodel; path = "BookApp-Entities.xcdatamodel"; sourceTree = "<group>"; };
		F59EEDA51643AF8A001C42F2 /* BAUser.h */ = {isa = PBXFileReference; fileEncoding = 4; lastKnownFileType = sourcecode.c.h; path = BAUser.h; sourceTree = "<group>"; };
		F59EEDA61643AF8A001C42F2 /* BAUser.m */ = {isa = PBXFileReference; fileEncoding = 4; lastKnownFileType = sourcecode.c.objc; path = BAUser.m; sourceTree = "<group>"; };
		F59EEDA81643B039001C42F2 /* Story.h */ = {isa = PBXFileReference; fileEncoding = 4; lastKnownFileType = sourcecode.c.h; path = Story.h; sourceTree = "<group>"; };
		F59EEDA91643B039001C42F2 /* Story.m */ = {isa = PBXFileReference; fileEncoding = 4; lastKnownFileType = sourcecode.c.objc; path = Story.m; sourceTree = "<group>"; };
		F59EEDB81643B15F001C42F2 /* BAProtocols.h */ = {isa = PBXFileReference; fileEncoding = 4; lastKnownFileType = sourcecode.c.h; path = BAProtocols.h; sourceTree = "<group>"; };
		F5E56591164EEA630044B956 /* NSString+FitInLabel.h */ = {isa = PBXFileReference; fileEncoding = 4; lastKnownFileType = sourcecode.c.h; path = "NSString+FitInLabel.h"; sourceTree = "<group>"; };
		F5E56592164EEA630044B956 /* NSString+FitInLabel.m */ = {isa = PBXFileReference; fileEncoding = 4; lastKnownFileType = sourcecode.c.objc; path = "NSString+FitInLabel.m"; sourceTree = "<group>"; };
		F5FC6DEA1645F7110087137F /* Block.h */ = {isa = PBXFileReference; fileEncoding = 4; lastKnownFileType = sourcecode.c.h; path = Block.h; sourceTree = "<group>"; };
		F5FC6DEB1645F7110087137F /* Block.m */ = {isa = PBXFileReference; fileEncoding = 4; lastKnownFileType = sourcecode.c.objc; path = Block.m; sourceTree = "<group>"; };
		F5FC6DF6164640C00087137F /* ISColumnsController.h */ = {isa = PBXFileReference; fileEncoding = 4; lastKnownFileType = sourcecode.c.h; path = ISColumnsController.h; sourceTree = "<group>"; };
		F5FC6DF7164640C00087137F /* ISColumnsController.m */ = {isa = PBXFileReference; fileEncoding = 4; lastKnownFileType = sourcecode.c.objc; path = ISColumnsController.m; sourceTree = "<group>"; };
		F5FC6EE11648E6DD0087137F /* SlideViewCell.h */ = {isa = PBXFileReference; fileEncoding = 4; lastKnownFileType = sourcecode.c.h; path = SlideViewCell.h; sourceTree = "<group>"; };
		F5FC6EE21648E6DD0087137F /* SlideViewCell.m */ = {isa = PBXFileReference; fileEncoding = 4; lastKnownFileType = sourcecode.c.objc; path = SlideViewCell.m; sourceTree = "<group>"; };
		F5FC6EE41648FC550087137F /* SlideScrollView.h */ = {isa = PBXFileReference; fileEncoding = 4; lastKnownFileType = sourcecode.c.h; path = SlideScrollView.h; sourceTree = "<group>"; };
		F5FC6EE51648FC550087137F /* SlideScrollView.m */ = {isa = PBXFileReference; fileEncoding = 4; lastKnownFileType = sourcecode.c.objc; path = SlideScrollView.m; sourceTree = "<group>"; };
/* End PBXFileReference section */

/* Begin PBXFrameworksBuildPhase section */
		F530E1AE16434F30003A9EDF /* Frameworks */ = {
			isa = PBXFrameworksBuildPhase;
			buildActionMask = 2147483647;
			files = (
				F54E0BEB167DC5F5002C1F3B /* ImageIO.framework in Frameworks */,
				F54E0BE7167DC5A6002C1F3B /* libSDWebImage.a in Frameworks */,
				F515C9B816743F8C000078D2 /* CoreText.framework in Frameworks */,
				5575A0801662D766004D1576 /* Social.framework in Frameworks */,
				5575A07E1662D75A004D1576 /* AdSupport.framework in Frameworks */,
				5575A07C1662D752004D1576 /* Accounts.framework in Frameworks */,
				F530E20016435B07003A9EDF /* libRestKit.a in Frameworks */,
				F530E1FF16435AF6003A9EDF /* QuartzCore.framework in Frameworks */,
				F530E1FD16435AEE003A9EDF /* libxml2.dylib in Frameworks */,
				F530E1FB16435AE6003A9EDF /* SystemConfiguration.framework in Frameworks */,
				F530E1F916435ADD003A9EDF /* MobileCoreServices.framework in Frameworks */,
				F530E1F716435AD6003A9EDF /* Security.framework in Frameworks */,
				F530E1F516435AD1003A9EDF /* CoreData.framework in Frameworks */,
				F530E1F316435AC7003A9EDF /* CFNetwork.framework in Frameworks */,
				F530E1B616434F30003A9EDF /* UIKit.framework in Frameworks */,
				F530E1B816434F30003A9EDF /* Foundation.framework in Frameworks */,
				F530E1BA16434F30003A9EDF /* CoreGraphics.framework in Frameworks */,
				5575A0771662D6A0004D1576 /* FacebookSDK.framework in Frameworks */,
			);
			runOnlyForDeploymentPostprocessing = 0;
		};
/* End PBXFrameworksBuildPhase section */

/* Begin PBXGroup section */
		F530E1A616434F30003A9EDF = {
			isa = PBXGroup;
			children = (
				F54E0BEA167DC5F5002C1F3B /* ImageIO.framework */,
				F515C9B716743F8C000078D2 /* CoreText.framework */,
				5575A07F1662D766004D1576 /* Social.framework */,
				5575A07D1662D75A004D1576 /* AdSupport.framework */,
				5575A07B1662D752004D1576 /* Accounts.framework */,
				F530E1BB16434F30003A9EDF /* BookApp */,
				F530E1B216434F30003A9EDF /* Products */,
			);
			sourceTree = "<group>";
		};
		F530E1B216434F30003A9EDF /* Products */ = {
			isa = PBXGroup;
			children = (
				F530E1B116434F30003A9EDF /* BookApp.app */,
			);
			name = Products;
			sourceTree = "<group>";
		};
		F530E1B416434F30003A9EDF /* Frameworks */ = {
			isa = PBXGroup;
			children = (
				F54E0BDA167DC592002C1F3B /* SDWebImage.xcodeproj */,
				5575A0791662D6E3004D1576 /* FacebookSDKResources.bundle */,
				5575A0761662D6A0004D1576 /* FacebookSDK.framework */,
				F530E1FE16435AF6003A9EDF /* QuartzCore.framework */,
				F530E1FC16435AEE003A9EDF /* libxml2.dylib */,
				F530E1FA16435AE6003A9EDF /* SystemConfiguration.framework */,
				F530E1F816435ADD003A9EDF /* MobileCoreServices.framework */,
				F530E1F616435AD6003A9EDF /* Security.framework */,
				F530E1F416435AD1003A9EDF /* CoreData.framework */,
				F530E1F216435AC7003A9EDF /* CFNetwork.framework */,
				F530E1DB16435A3C003A9EDF /* RestKit.xcodeproj */,
				F530E1B516434F30003A9EDF /* UIKit.framework */,
				F530E1B716434F30003A9EDF /* Foundation.framework */,
				F530E1B916434F30003A9EDF /* CoreGraphics.framework */,
			);
			name = Frameworks;
			path = ..;
			sourceTree = "<group>";
		};
		F530E1BB16434F30003A9EDF /* BookApp */ = {
			isa = PBXGroup;
			children = (
				F586EFC41654A88800488742 /* Assets */,
				F5FC6DF4164640870087137F /* Libraries */,
				F59EED90164386AE001C42F2 /* Utilities */,
				F530E20316435C96003A9EDF /* Models */,
				F530E20216435C8D003A9EDF /* Views */,
				F530E20116435C4D003A9EDF /* Controllers */,
				F530E1C416434F30003A9EDF /* AppDelegate.h */,
				F530E1C516434F30003A9EDF /* AppDelegate.m */,
				F530E1BC16434F30003A9EDF /* Supporting Files */,
				F59EED8D1643660A001C42F2 /* API.h */,
				F59EED8E1643660A001C42F2 /* API.m */,
				F530E1B416434F30003A9EDF /* Frameworks */,
			);
			path = BookApp;
			sourceTree = "<group>";
		};
		F530E1BC16434F30003A9EDF /* Supporting Files */ = {
			isa = PBXGroup;
			children = (
				F59EED9616438A8D001C42F2 /* Environments.plist */,
				F530E1BD16434F30003A9EDF /* BookApp-Info.plist */,
				F530E1BE16434F30003A9EDF /* InfoPlist.strings */,
				F530E1C116434F30003A9EDF /* main.m */,
				F530E1C316434F30003A9EDF /* BookApp-Prefix.pch */,
				F530E1C716434F30003A9EDF /* Default.png */,
				F530E1C916434F30003A9EDF /* Default@2x.png */,
				F530E1CB16434F30003A9EDF /* Default-568h@2x.png */,
			);
			name = "Supporting Files";
			sourceTree = "<group>";
		};
		F530E1DC16435A3C003A9EDF /* Products */ = {
			isa = PBXGroup;
			children = (
				F530E1E716435A3C003A9EDF /* libRestKit.a */,
				F530E1E916435A3C003A9EDF /* RestKitTests.octest */,
				F530E1EB16435A3C003A9EDF /* RestKit.framework */,
				F530E1ED16435A3C003A9EDF /* RestKitFrameworkTests.octest */,
				F530E1EF16435A3C003A9EDF /* RestKitResources.bundle */,
			);
			name = Products;
			sourceTree = "<group>";
		};
		F530E20116435C4D003A9EDF /* Controllers */ = {
			isa = PBXGroup;
			children = (
				F52AAFB01653508B007B36C1 /* DiscoverVC.h */,
				F52AAFB11653508B007B36C1 /* DiscoverVC.m */,
				F5FC6EE41648FC550087137F /* SlideScrollView.h */,
				F5FC6EE51648FC550087137F /* SlideScrollView.m */,
				F5FC6EE11648E6DD0087137F /* SlideViewCell.h */,
				F5FC6EE21648E6DD0087137F /* SlideViewCell.m */,
				F530E1CD16434F30003A9EDF /* ViewController.h */,
				F530E1CE16434F30003A9EDF /* ViewController.m */,
				F530E1D016434F30003A9EDF /* ViewController.xib */,
				55125FB81662C8330006D538 /* LoginViewController.h */,
				55125FB91662C8330006D538 /* LoginViewController.m */,
				5575A09816633E0A004D1576 /* ProfileViewController.h */,
				5575A09916633E0A004D1576 /* ProfileViewController.m */,
			);
			name = Controllers;
			sourceTree = "<group>";
		};
		F530E20216435C8D003A9EDF /* Views */ = {
			isa = PBXGroup;
			children = (
				F515C9B91675B6F2000078D2 /* StoryResultsGrid.h */,
				F515C9BA1675B6F2000078D2 /* StoryResultsGrid.m */,
				F515C9AB1671B1CE000078D2 /* BAProgressBarView.h */,
				F515C9AC1671B1CE000078D2 /* BAProgressBarView.m */,
				F515C9A81671AF05000078D2 /* PageView.h */,
				F515C9A91671AF05000078D2 /* PageView.m */,
				F590B0A9166C1E8600271DBC /* PageCell.h */,
				F590B0AA166C1E8600271DBC /* PageCell.m */,
				F52AAFB316535632007B36C1 /* StoryCell.h */,
				F52AAFB416535632007B36C1 /* StoryCell.m */,
			);
			name = Views;
			sourceTree = "<group>";
		};
		F530E20316435C96003A9EDF /* Models */ = {
			isa = PBXGroup;
			children = (
				F598FE1316BB91E600440D5B /* BABookmark.h */,
				F598FE1416BB91E600440D5B /* BABookmark.m */,
				F54E0BEC167DC634002C1F3B /* BAStory.h */,
				F54E0BED167DC634002C1F3B /* BAStory.m */,
				F515C9B41671D6AB000078D2 /* BABlock.h */,
				F515C9B51671D6AB000078D2 /* BABlock.m */,
				F579D703166F562500313B07 /* BAPage.h */,
				F579D704166F562500313B07 /* BAPage.m */,
				F58FE1D11661EE4C001B98A3 /* History.h */,
				F58FE1D21661EE4C001B98A3 /* History.m */,
				F586F058165A048F00488742 /* Bookmark.h */,
				F586F059165A048F00488742 /* Bookmark.m */,
				F57526A2165083CC005E2235 /* Page.h */,
				F57526A3165083CC005E2235 /* Page.m */,
				F59EED9B16438E1E001C42F2 /* BookApp-Entities.xcdatamodeld */,
				F59EEDA51643AF8A001C42F2 /* BAUser.h */,
				F59EEDA61643AF8A001C42F2 /* BAUser.m */,
				F59EEDA81643B039001C42F2 /* Story.h */,
				F59EEDA91643B039001C42F2 /* Story.m */,
				F5FC6DEA1645F7110087137F /* Block.h */,
				F5FC6DEB1645F7110087137F /* Block.m */,
				5575A0811662FE89004D1576 /* User.h */,
				5575A0821662FE89004D1576 /* User.m */,
			);
			name = Models;
			sourceTree = "<group>";
		};
		F54E0BDB167DC592002C1F3B /* Products */ = {
			isa = PBXGroup;
			children = (
				F54E0BE4167DC592002C1F3B /* libSDWebImage.a */,
				F54E0BE6167DC592002C1F3B /* libSDWebImage+MKAnnotation.a */,
			);
			name = Products;
			sourceTree = "<group>";
		};
		F586EFC41654A88800488742 /* Assets */ = {
			isa = PBXGroup;
			children = (
				F586F04B1659D9CE00488742 /* Images */,
				F586EFC51654A89400488742 /* Fonts */,
			);
			name = Assets;
			sourceTree = "<group>";
		};
		F586EFC51654A89400488742 /* Fonts */ = {
			isa = PBXGroup;
			children = (
				F586F0001654A8A000488742 /* MtNoLFRo.TTF */,
				F586F03E1654B0B800488742 /* MetaSerifOT-Book.otf */,
				F586F0011654A8A000488742 /* MtNoRo.TTF */,
				F586F0431655DA9400488742 /* MetaBold.TTF */,
			);
			name = Fonts;
			sourceTree = "<group>";
		};
		F586F04B1659D9CE00488742 /* Images */ = {
			isa = PBXGroup;
			children = (
				F586F04C1659D9E200488742 /* back@2x.png */,
				F586F0531659FCC600488742 /* close-button@2x.png */,
			);
			name = Images;
			sourceTree = "<group>";
		};
		F59EED90164386AE001C42F2 /* Utilities */ = {
			isa = PBXGroup;
			children = (
				F5908BAF166368FC0043E3CF /* SpringboardLayout.h */,
				F5908BB0166368FC0043E3CF /* SpringboardLayout.m */,
				F586F04E1659DB7D00488742 /* UIButton+AutoSize.h */,
				F586F04F1659DB7D00488742 /* UIButton+AutoSize.m */,
				F586F0481659C08900488742 /* CaptureView.h */,
				F586F0491659C08900488742 /* CaptureView.m */,
				F586F0451655E14400488742 /* UILabel+AutoSize.h */,
				F586F0461655E14400488742 /* UILabel+AutoSize.m */,
				F586F0401655D7B600488742 /* UIView+LayoutUtil.h */,
				F586F0411655D7B600488742 /* UIView+LayoutUtil.m */,
				F586EFC116538AFB00488742 /* UIView+FrameUtil.h */,
				F5908BB216648D0E0043E3CF /* SBLayout.h */,
				F5908BB316648D0E0043E3CF /* SBLayout.m */,
				F586EFC216538AFB00488742 /* UIView+FrameUtil.m */,
				F5E56591164EEA630044B956 /* NSString+FitInLabel.h */,
				F5E56592164EEA630044B956 /* NSString+FitInLabel.m */,
				F59EEDB81643B15F001C42F2 /* BAProtocols.h */,
				F59EED9816438BED001C42F2 /* Environment.h */,
				F59EED9916438BED001C42F2 /* Environment.m */,
			);
			name = Utilities;
			sourceTree = "<group>";
		};
		F5FC6DF4164640870087137F /* Libraries */ = {
			isa = PBXGroup;
			children = (
				F5FC6DF5164640910087137F /* ISColumnsController */,
			);
			name = Libraries;
			sourceTree = "<group>";
		};
		F5FC6DF5164640910087137F /* ISColumnsController */ = {
			isa = PBXGroup;
			children = (
				F5FC6DF6164640C00087137F /* ISColumnsController.h */,
				F5FC6DF7164640C00087137F /* ISColumnsController.m */,
			);
			name = ISColumnsController;
			sourceTree = "<group>";
		};
/* End PBXGroup section */

/* Begin PBXNativeTarget section */
		F530E1B016434F30003A9EDF /* BookApp */ = {
			isa = PBXNativeTarget;
			buildConfigurationList = F530E1D516434F30003A9EDF /* Build configuration list for PBXNativeTarget "BookApp" */;
			buildPhases = (
				F530E1AD16434F30003A9EDF /* Sources */,
				F530E1AE16434F30003A9EDF /* Frameworks */,
				F530E1AF16434F30003A9EDF /* Resources */,
			);
			buildRules = (
			);
			dependencies = (
				F54E0BE9167DC5B5002C1F3B /* PBXTargetDependency */,
				F530E1F116435ABB003A9EDF /* PBXTargetDependency */,
			);
			name = BookApp;
			productName = BookApp;
			productReference = F530E1B116434F30003A9EDF /* BookApp.app */;
			productType = "com.apple.product-type.application";
		};
/* End PBXNativeTarget section */

/* Begin PBXProject section */
		F530E1A816434F30003A9EDF /* Project object */ = {
			isa = PBXProject;
			attributes = {
				LastUpgradeCheck = 0450;
			};
			buildConfigurationList = F530E1AB16434F30003A9EDF /* Build configuration list for PBXProject "BookApp" */;
			compatibilityVersion = "Xcode 3.2";
			developmentRegion = English;
			hasScannedForEncodings = 0;
			knownRegions = (
				en,
			);
			mainGroup = F530E1A616434F30003A9EDF;
			productRefGroup = F530E1B216434F30003A9EDF /* Products */;
			projectDirPath = "";
			projectReferences = (
				{
					ProductGroup = F530E1DC16435A3C003A9EDF /* Products */;
					ProjectRef = F530E1DB16435A3C003A9EDF /* RestKit.xcodeproj */;
				},
				{
					ProductGroup = F54E0BDB167DC592002C1F3B /* Products */;
					ProjectRef = F54E0BDA167DC592002C1F3B /* SDWebImage.xcodeproj */;
				},
			);
			projectRoot = "";
			targets = (
				F530E1B016434F30003A9EDF /* BookApp */,
			);
		};
/* End PBXProject section */

/* Begin PBXReferenceProxy section */
		F530E1E716435A3C003A9EDF /* libRestKit.a */ = {
			isa = PBXReferenceProxy;
			fileType = archive.ar;
			path = libRestKit.a;
			remoteRef = F530E1E616435A3C003A9EDF /* PBXContainerItemProxy */;
			sourceTree = BUILT_PRODUCTS_DIR;
		};
		F530E1E916435A3C003A9EDF /* RestKitTests.octest */ = {
			isa = PBXReferenceProxy;
			fileType = wrapper.cfbundle;
			path = RestKitTests.octest;
			remoteRef = F530E1E816435A3C003A9EDF /* PBXContainerItemProxy */;
			sourceTree = BUILT_PRODUCTS_DIR;
		};
		F530E1EB16435A3C003A9EDF /* RestKit.framework */ = {
			isa = PBXReferenceProxy;
			fileType = wrapper.framework;
			path = RestKit.framework;
			remoteRef = F530E1EA16435A3C003A9EDF /* PBXContainerItemProxy */;
			sourceTree = BUILT_PRODUCTS_DIR;
		};
		F530E1ED16435A3C003A9EDF /* RestKitFrameworkTests.octest */ = {
			isa = PBXReferenceProxy;
			fileType = wrapper.cfbundle;
			path = RestKitFrameworkTests.octest;
			remoteRef = F530E1EC16435A3C003A9EDF /* PBXContainerItemProxy */;
			sourceTree = BUILT_PRODUCTS_DIR;
		};
		F530E1EF16435A3C003A9EDF /* RestKitResources.bundle */ = {
			isa = PBXReferenceProxy;
			fileType = wrapper.cfbundle;
			path = RestKitResources.bundle;
			remoteRef = F530E1EE16435A3C003A9EDF /* PBXContainerItemProxy */;
			sourceTree = BUILT_PRODUCTS_DIR;
		};
		F54E0BE4167DC592002C1F3B /* libSDWebImage.a */ = {
			isa = PBXReferenceProxy;
			fileType = archive.ar;
			path = libSDWebImage.a;
			remoteRef = F54E0BE3167DC592002C1F3B /* PBXContainerItemProxy */;
			sourceTree = BUILT_PRODUCTS_DIR;
		};
		F54E0BE6167DC592002C1F3B /* libSDWebImage+MKAnnotation.a */ = {
			isa = PBXReferenceProxy;
			fileType = archive.ar;
			path = "libSDWebImage+MKAnnotation.a";
			remoteRef = F54E0BE5167DC592002C1F3B /* PBXContainerItemProxy */;
			sourceTree = BUILT_PRODUCTS_DIR;
		};
/* End PBXReferenceProxy section */

/* Begin PBXResourcesBuildPhase section */
		F530E1AF16434F30003A9EDF /* Resources */ = {
			isa = PBXResourcesBuildPhase;
			buildActionMask = 2147483647;
			files = (
				F530E1C016434F30003A9EDF /* InfoPlist.strings in Resources */,
				F530E1C816434F30003A9EDF /* Default.png in Resources */,
				F530E1CA16434F30003A9EDF /* Default@2x.png in Resources */,
				F530E1CC16434F30003A9EDF /* Default-568h@2x.png in Resources */,
				F530E1D216434F30003A9EDF /* ViewController.xib in Resources */,
				F59EED9716438A8D001C42F2 /* Environments.plist in Resources */,
				F586F03C1654A8A000488742 /* MtNoLFRo.TTF in Resources */,
				F586F03D1654A8A000488742 /* MtNoRo.TTF in Resources */,
				F586F03F1654B0B800488742 /* MetaSerifOT-Book.otf in Resources */,
				F586F0441655DA9400488742 /* MetaBold.TTF in Resources */,
				F586F04D1659D9E200488742 /* back@2x.png in Resources */,
				F586F0541659FCC600488742 /* close-button@2x.png in Resources */,
				5575A07A1662D6E3004D1576 /* FacebookSDKResources.bundle in Resources */,
			);
			runOnlyForDeploymentPostprocessing = 0;
		};
/* End PBXResourcesBuildPhase section */

/* Begin PBXSourcesBuildPhase section */
		F530E1AD16434F30003A9EDF /* Sources */ = {
			isa = PBXSourcesBuildPhase;
			buildActionMask = 2147483647;
			files = (
				F530E1C216434F30003A9EDF /* main.m in Sources */,
				F530E1C616434F30003A9EDF /* AppDelegate.m in Sources */,
				F530E1CF16434F30003A9EDF /* ViewController.m in Sources */,
				F59EED8F1643660A001C42F2 /* API.m in Sources */,
				F59EED9A16438BED001C42F2 /* Environment.m in Sources */,
				F59EED9D16438E1E001C42F2 /* BookApp-Entities.xcdatamodeld in Sources */,
				F59EEDA71643AF8A001C42F2 /* BAUser.m in Sources */,
				F59EEDAA1643B039001C42F2 /* Story.m in Sources */,
				F5FC6DEC1645F7110087137F /* Block.m in Sources */,
				F5FC6DF8164640C00087137F /* ISColumnsController.m in Sources */,
				F5FC6EE31648E6DD0087137F /* SlideViewCell.m in Sources */,
				F5FC6EE61648FC550087137F /* SlideScrollView.m in Sources */,
				F5E56593164EEA630044B956 /* NSString+FitInLabel.m in Sources */,
				F57526A4165083CC005E2235 /* Page.m in Sources */,
				F52AAFB21653508B007B36C1 /* DiscoverVC.m in Sources */,
				F52AAFB516535632007B36C1 /* StoryCell.m in Sources */,
				F586EFC316538AFB00488742 /* UIView+FrameUtil.m in Sources */,
				F586F0421655D7B600488742 /* UIView+LayoutUtil.m in Sources */,
				F586F0471655E14400488742 /* UILabel+AutoSize.m in Sources */,
				F586F04A1659C08900488742 /* CaptureView.m in Sources */,
				F586F0501659DB7D00488742 /* UIButton+AutoSize.m in Sources */,
				F586F05A165A048F00488742 /* Bookmark.m in Sources */,
				55125FBA1662C8330006D538 /* LoginViewController.m in Sources */,
				F58FE1D31661EE4C001B98A3 /* History.m in Sources */,
				F5908BB1166368FC0043E3CF /* SpringboardLayout.m in Sources */,
				F5908BB416648D0F0043E3CF /* SBLayout.m in Sources */,
				F590B0AB166C1E8600271DBC /* PageCell.m in Sources */,
				F579D705166F562500313B07 /* BAPage.m in Sources */,
				5575A0831662FE89004D1576 /* User.m in Sources */,
				5575A09A16633E0B004D1576 /* ProfileViewController.m in Sources */,
				F515C9AA1671AF05000078D2 /* PageView.m in Sources */,
				F515C9AD1671B1CE000078D2 /* BAProgressBarView.m in Sources */,
				F515C9B61671D6AB000078D2 /* BABlock.m in Sources */,
				F515C9BB1675B6F2000078D2 /* StoryResultsGrid.m in Sources */,
				F54E0BEE167DC634002C1F3B /* BAStory.m in Sources */,
				F598FE1516BB91E600440D5B /* BABookmark.m in Sources */,
			);
			runOnlyForDeploymentPostprocessing = 0;
		};
/* End PBXSourcesBuildPhase section */

/* Begin PBXTargetDependency section */
		F530E1F116435ABB003A9EDF /* PBXTargetDependency */ = {
			isa = PBXTargetDependency;
			name = RestKit;
			targetProxy = F530E1F016435ABB003A9EDF /* PBXContainerItemProxy */;
		};
		F54E0BE9167DC5B5002C1F3B /* PBXTargetDependency */ = {
			isa = PBXTargetDependency;
			name = SDWebImage;
			targetProxy = F54E0BE8167DC5B5002C1F3B /* PBXContainerItemProxy */;
		};
/* End PBXTargetDependency section */

/* Begin PBXVariantGroup section */
		F530E1BE16434F30003A9EDF /* InfoPlist.strings */ = {
			isa = PBXVariantGroup;
			children = (
				F530E1BF16434F30003A9EDF /* en */,
			);
			name = InfoPlist.strings;
			sourceTree = "<group>";
		};
		F530E1D016434F30003A9EDF /* ViewController.xib */ = {
			isa = PBXVariantGroup;
			children = (
				F530E1D116434F30003A9EDF /* en */,
			);
			name = ViewController.xib;
			sourceTree = "<group>";
		};
/* End PBXVariantGroup section */

/* Begin XCBuildConfiguration section */
		F530E1D316434F30003A9EDF /* Debug */ = {
			isa = XCBuildConfiguration;
			buildSettings = {
				ALWAYS_SEARCH_USER_PATHS = NO;
				CLANG_CXX_LANGUAGE_STANDARD = "gnu++0x";
				CLANG_CXX_LIBRARY = "libc++";
				CLANG_ENABLE_OBJC_ARC = YES;
				CLANG_WARN_EMPTY_BODY = YES;
				CLANG_WARN__DUPLICATE_METHOD_MATCH = YES;
				"CODE_SIGN_IDENTITY[sdk=iphoneos*]" = "iPhone Developer";
				COPY_PHASE_STRIP = NO;
				GCC_C_LANGUAGE_STANDARD = gnu99;
				GCC_DYNAMIC_NO_PIC = NO;
				GCC_OPTIMIZATION_LEVEL = 0;
				GCC_PREPROCESSOR_DEFINITIONS = (
					"DEBUG=1",
					"$(inherited)",
				);
				GCC_SYMBOLS_PRIVATE_EXTERN = NO;
				GCC_WARN_ABOUT_RETURN_TYPE = YES;
				GCC_WARN_UNINITIALIZED_AUTOS = YES;
				GCC_WARN_UNUSED_VARIABLE = YES;
				IPHONEOS_DEPLOYMENT_TARGET = 6.0;
				ONLY_ACTIVE_ARCH = YES;
				SDKROOT = iphoneos;
				TARGETED_DEVICE_FAMILY = 2;
			};
			name = Debug;
		};
		F530E1D416434F30003A9EDF /* Release */ = {
			isa = XCBuildConfiguration;
			buildSettings = {
				ALWAYS_SEARCH_USER_PATHS = NO;
				CLANG_CXX_LANGUAGE_STANDARD = "gnu++0x";
				CLANG_CXX_LIBRARY = "libc++";
				CLANG_ENABLE_OBJC_ARC = YES;
				CLANG_WARN_EMPTY_BODY = YES;
				CLANG_WARN__DUPLICATE_METHOD_MATCH = YES;
				"CODE_SIGN_IDENTITY[sdk=iphoneos*]" = "iPhone Developer";
				COPY_PHASE_STRIP = YES;
				GCC_C_LANGUAGE_STANDARD = gnu99;
				GCC_WARN_ABOUT_RETURN_TYPE = YES;
				GCC_WARN_UNINITIALIZED_AUTOS = YES;
				GCC_WARN_UNUSED_VARIABLE = YES;
				IPHONEOS_DEPLOYMENT_TARGET = 6.0;
				OTHER_CFLAGS = "-DNS_BLOCK_ASSERTIONS=1";
				SDKROOT = iphoneos;
				TARGETED_DEVICE_FAMILY = 2;
				VALIDATE_PRODUCT = YES;
			};
			name = Release;
		};
		F530E1D616434F30003A9EDF /* Debug */ = {
			isa = XCBuildConfiguration;
			buildSettings = {
				FRAMEWORK_SEARCH_PATHS = (
					"\"$(SRCROOT)/Frameworks/RestKit/Headers\"",
					"\"$(SRCROOT)/../Frameworks\"",
				);
				GCC_PRECOMPILE_PREFIX_HEADER = YES;
				GCC_PREFIX_HEADER = "BookApp/BookApp-Prefix.pch";
				HEADER_SEARCH_PATHS = (
					"\"$(BUILT_PRODUCTS_DIR)/../../Headers\"",
					"\"$(SRCROOT)/Frameworks/RestKit/Headers\"/**",
				);
				INFOPLIST_FILE = "BookApp/BookApp-Info.plist";
				OTHER_LDFLAGS = (
					"-ObjC",
					"-all_load",
					"-lsqlite3.0",
				);
				PRODUCT_NAME = "$(TARGET_NAME)";
				WRAPPER_EXTENSION = app;
			};
			name = Debug;
		};
		F530E1D716434F30003A9EDF /* Release */ = {
			isa = XCBuildConfiguration;
			buildSettings = {
				FRAMEWORK_SEARCH_PATHS = (
					"\"$(SRCROOT)/Frameworks/RestKit/Headers\"",
					"\"$(SRCROOT)/../Frameworks\"",
				);
				GCC_PRECOMPILE_PREFIX_HEADER = YES;
				GCC_PREFIX_HEADER = "BookApp/BookApp-Prefix.pch";
				HEADER_SEARCH_PATHS = (
					"\"$(BUILT_PRODUCTS_DIR)/../../Headers\"",
					"\"$(SRCROOT)/Frameworks/RestKit/Headers\"/**",
				);
				INFOPLIST_FILE = "BookApp/BookApp-Info.plist";
				OTHER_LDFLAGS = (
					"-ObjC",
					"-all_load",
					"-lsqlite3.0",
				);
				PRODUCT_NAME = "$(TARGET_NAME)";
				WRAPPER_EXTENSION = app;
			};
			name = Release;
		};
		F59EED9416438A61001C42F2 /* Stage */ = {
			isa = XCBuildConfiguration;
			buildSettings = {
				ALWAYS_SEARCH_USER_PATHS = NO;
				CLANG_CXX_LANGUAGE_STANDARD = "gnu++0x";
				CLANG_CXX_LIBRARY = "libc++";
				CLANG_ENABLE_OBJC_ARC = YES;
				CLANG_WARN_EMPTY_BODY = YES;
				CLANG_WARN__DUPLICATE_METHOD_MATCH = YES;
				"CODE_SIGN_IDENTITY[sdk=iphoneos*]" = "iPhone Developer";
				COPY_PHASE_STRIP = NO;
				GCC_C_LANGUAGE_STANDARD = gnu99;
				GCC_DYNAMIC_NO_PIC = NO;
				GCC_OPTIMIZATION_LEVEL = 0;
				GCC_PREPROCESSOR_DEFINITIONS = (
					"DEBUG=1",
					"$(inherited)",
				);
				GCC_SYMBOLS_PRIVATE_EXTERN = NO;
				GCC_WARN_ABOUT_RETURN_TYPE = YES;
				GCC_WARN_UNINITIALIZED_AUTOS = YES;
				GCC_WARN_UNUSED_VARIABLE = YES;
				IPHONEOS_DEPLOYMENT_TARGET = 6.0;
				ONLY_ACTIVE_ARCH = YES;
				SDKROOT = iphoneos;
				TARGETED_DEVICE_FAMILY = 2;
			};
			name = Stage;
		};
		F59EED9516438A61001C42F2 /* Stage */ = {
			isa = XCBuildConfiguration;
			buildSettings = {
				FRAMEWORK_SEARCH_PATHS = (
					"\"$(SRCROOT)/Frameworks/RestKit/Headers\"",
					"\"$(SRCROOT)/../Frameworks\"",
				);
				GCC_PRECOMPILE_PREFIX_HEADER = YES;
				GCC_PREFIX_HEADER = "BookApp/BookApp-Prefix.pch";
				HEADER_SEARCH_PATHS = (
					"\"$(BUILT_PRODUCTS_DIR)/../../Headers\"",
					"\"$(SRCROOT)/Frameworks/RestKit/Headers\"/**",
				);
				INFOPLIST_FILE = "BookApp/BookApp-Info.plist";
				OTHER_LDFLAGS = (
					"-ObjC",
					"-all_load",
					"-lsqlite3.0",
				);
				PRODUCT_NAME = "$(TARGET_NAME)";
				WRAPPER_EXTENSION = app;
			};
			name = Stage;
		};
/* End XCBuildConfiguration section */

/* Begin XCConfigurationList section */
		F530E1AB16434F30003A9EDF /* Build configuration list for PBXProject "BookApp" */ = {
			isa = XCConfigurationList;
			buildConfigurations = (
				F530E1D316434F30003A9EDF /* Debug */,
				F59EED9416438A61001C42F2 /* Stage */,
				F530E1D416434F30003A9EDF /* Release */,
			);
			defaultConfigurationIsVisible = 0;
			defaultConfigurationName = Release;
		};
		F530E1D516434F30003A9EDF /* Build configuration list for PBXNativeTarget "BookApp" */ = {
			isa = XCConfigurationList;
			buildConfigurations = (
				F530E1D616434F30003A9EDF /* Debug */,
				F59EED9516438A61001C42F2 /* Stage */,
				F530E1D716434F30003A9EDF /* Release */,
			);
			defaultConfigurationIsVisible = 0;
			defaultConfigurationName = Release;
		};
/* End XCConfigurationList section */

/* Begin XCVersionGroup section */
		F59EED9B16438E1E001C42F2 /* BookApp-Entities.xcdatamodeld */ = {
			isa = XCVersionGroup;
			children = (
				F59EED9C16438E1E001C42F2 /* BookApp-Entities.xcdatamodel */,
			);
			currentVersion = F59EED9C16438E1E001C42F2 /* BookApp-Entities.xcdatamodel */;
			path = "BookApp-Entities.xcdatamodeld";
			sourceTree = "<group>";
			versionGroupType = wrapper.xcdatamodel;
		};
/* End XCVersionGroup section */
	};
	rootObject = F530E1A816434F30003A9EDF /* Project object */;
}
